[0m[1mdocker_image.spidy_app: Refreshing state... [id=sha256:baa162d102fdd9c80277819b00086ef9a9e2c3b3275a790b3845a1f5b789c888ghostpxe-docker:5000/spidy-elevatelabs-task2:latest][0m
[0m[1mdocker_container.spidy_container: Refreshing state... [id=590b57da582a6d72fa7e7bcb472aedf0688bd556caf550f0d24c4a00d3983cfd][0m

Terraform used the selected providers to generate the following execution
plan. Resource actions are indicated with the following symbols:
[31m-[0m/[32m+[0m destroy and then create replacement[0m

Terraform will perform the following actions:

[1m  # docker_container.spidy_container[0m must be [1m[31mreplaced[0m
[0m[31m-[0m/[32m+[0m[0m resource "docker_container" "spidy_container" {
      [32m+[0m[0m bridge                                      = (known after apply)
      [33m~[0m[0m command                                     = [
          [31m-[0m[0m "npm",
          [31m-[0m[0m "start",
        ] -> (known after apply)
      [32m+[0m[0m container_logs                              = (known after apply)
      [31m-[0m[0m cpu_shares                                  = 0 [90m-> null[0m[0m
      [31m-[0m[0m dns                                         = [] [90m-> null[0m[0m
      [31m-[0m[0m dns_opts                                    = [] [90m-> null[0m[0m
      [31m-[0m[0m dns_search                                  = [] [90m-> null[0m[0m
      [33m~[0m[0m entrypoint                                  = [
          [31m-[0m[0m "docker-entrypoint.sh",
        ] -> (known after apply)
      [33m~[0m[0m env                                         = [] -> (known after apply)
      [32m+[0m[0m exit_code                                   = (known after apply)
      [31m-[0m[0m group_add                                   = [] [90m-> null[0m[0m
      [33m~[0m[0m hostname                                    = "590b57da582a" -> (known after apply)
      [33m~[0m[0m id                                          = "590b57da582a6d72fa7e7bcb472aedf0688bd556caf550f0d24c4a00d3983cfd" -> (known after apply)
      [33m~[0m[0m image                                       = "sha256:baa162d102fdd9c80277819b00086ef9a9e2c3b3275a790b3845a1f5b789c888" [33m->[0m[0m "ghostpxe-docker:5000/spidy-elevatelabs-task2:latest" [31m# forces replacement[0m[0m
      [33m~[0m[0m init                                        = false -> (known after apply)
      [33m~[0m[0m ipc_mode                                    = "private" -> (known after apply)
      [33m~[0m[0m log_driver                                  = "json-file" -> (known after apply)
      [31m-[0m[0m log_opts                                    = {} [90m-> null[0m[0m
      [31m-[0m[0m max_retry_count                             = 0 [90m-> null[0m[0m
      [31m-[0m[0m memory                                      = 0 [90m-> null[0m[0m
      [31m-[0m[0m memory_swap                                 = 0 [90m-> null[0m[0m
        name                                        = "spidy-elevatelabs-task2-app"
      [33m~[0m[0m network_data                                = [
          [31m-[0m[0m {
              [31m-[0m[0m gateway                   = "172.17.0.1"
              [31m-[0m[0m global_ipv6_prefix_length = 0
              [31m-[0m[0m ip_address                = "172.17.0.2"
              [31m-[0m[0m ip_prefix_length          = 16
              [31m-[0m[0m mac_address               = "e2:7d:a2:e2:f1:e9"
              [31m-[0m[0m network_name              = "bridge"
                [90m# (2 unchanged attributes hidden)[0m[0m
            },
        ] -> (known after apply)
      [31m-[0m[0m network_mode                                = "bridge" [90m-> null[0m[0m [31m# forces replacement[0m[0m
      [31m-[0m[0m privileged                                  = false [90m-> null[0m[0m
      [31m-[0m[0m publish_all_ports                           = false [90m-> null[0m[0m
      [33m~[0m[0m runtime                                     = "runc" -> (known after apply)
      [33m~[0m[0m security_opts                               = [] -> (known after apply)
      [33m~[0m[0m shm_size                                    = 64 -> (known after apply)
      [32m+[0m[0m stop_signal                                 = (known after apply)
      [33m~[0m[0m stop_timeout                                = 0 -> (known after apply)
      [31m-[0m[0m storage_opts                                = {} [90m-> null[0m[0m
      [31m-[0m[0m sysctls                                     = {} [90m-> null[0m[0m
      [31m-[0m[0m tmpfs                                       = {} [90m-> null[0m[0m
      [31m-[0m[0m working_dir                                 = "/app" [90m-> null[0m[0m
        [90m# (18 unchanged attributes hidden)[0m[0m

      [33m~[0m[0m healthcheck (known after apply)

      [33m~[0m[0m labels (known after apply)

        [90m# (1 unchanged block hidden)[0m[0m
    }

[1mPlan:[0m 1 to add, 0 to change, 1 to destroy.
[0m[0m[1mdocker_container.spidy_container: Destroying... [id=590b57da582a6d72fa7e7bcb472aedf0688bd556caf550f0d24c4a00d3983cfd][0m[0m
[0m[1mdocker_container.spidy_container: Destruction complete after 4s[0m
[0m[1mdocker_container.spidy_container: Creating...[0m[0m
[0m[1mdocker_container.spidy_container: Creation complete after 5s [id=a18f6b7ac953f0b84ac1a472c3b43184072282048d2af5af18cd50193ff9e580][0m
[0m[1m[32m
Apply complete! Resources: 1 added, 0 changed, 1 destroyed.
[0m